// !$*UTF8*$!
{
	archiveVersion = 1;
	classes = {
	};
	objectVersion = 46;
	objects = {

/* Begin PBXBuildFile section */
		F2F5C4F11CA011AA001FF7C8 /* AppDelegate.swift in Sources */ = {isa = PBXBuildFile; fileRef = F2F5C4F01CA011AA001FF7C8 /* AppDelegate.swift */; };
		F2F5C4F31CA011AA001FF7C8 /* ViewController.swift in Sources */ = {isa = PBXBuildFile; fileRef = F2F5C4F21CA011AA001FF7C8 /* ViewController.swift */; };
		F2F5C4F61CA011AA001FF7C8 /* Main.storyboard in Resources */ = {isa = PBXBuildFile; fileRef = F2F5C4F41CA011AA001FF7C8 /* Main.storyboard */; };
		F2F5C4F81CA011AA001FF7C8 /* Assets.xcassets in Resources */ = {isa = PBXBuildFile; fileRef = F2F5C4F71CA011AA001FF7C8 /* Assets.xcassets */; };
		F2F5C4FB1CA011AA001FF7C8 /* LaunchScreen.storyboard in Resources */ = {isa = PBXBuildFile; fileRef = F2F5C4F91CA011AA001FF7C8 /* LaunchScreen.storyboard */; };
/* End PBXBuildFile section */

/* Begin PBXFileReference section */
		F2F5C4ED1CA011AA001FF7C8 /* SuperCool.app */ = {isa = PBXFileReference; explicitFileType = wrapper.application; includeInIndex = 0; path = SuperCool.app; sourceTree = BUILT_PRODUCTS_DIR; };
		F2F5C4F01CA011AA001FF7C8 /* AppDelegate.swift */ = {isa = PBXFileReference; lastKnownFileType = sourcecode.swift; path = AppDelegate.swift; sourceTree = "<group>"; };
		F2F5C4F21CA011AA001FF7C8 /* ViewController.swift */ = {isa = PBXFileReference; lastKnownFileType = sourcecode.swift; path = ViewController.swift; sourceTree = "<group>"; };
		F2F5C4F51CA011AA001FF7C8 /* Base */ = {isa = PBXFileReference; lastKnownFileType = file.storyboard; name = Base; path = Base.lproj/Main.storyboard; sourceTree = "<group>"; };
		F2F5C4F71CA011AA001FF7C8 /* Assets.xcassets */ = {isa = PBXFileReference; lastKnownFileType = folder.assetcatalog; path = Assets.xcassets; sourceTree = "<group>"; };
		F2F5C4FA1CA011AA001FF7C8 /* Base */ = {isa = PBXFileReference; lastKnownFileType = file.storyboard; name = Base; path = Base.lproj/LaunchScreen.storyboard; sourceTree = "<group>"; };
		F2F5C4FC1CA011AA001FF7C8 /* Info.plist */ = {isa = PBXFileReference; lastKnownFileType = text.plist.xml; path = Info.plist; sourceTree = "<group>"; };
/* End PBXFileReference section */

/* Begin PBXFrameworksBuildPhase section */
		F2F5C4EA1CA011AA001FF7C8 /* Frameworks */ = {
			isa = PBXFrameworksBuildPhase;
			buildActionMask = 2147483647;
			files = (
			);
			runOnlyForDeploymentPostprocessing = 0;
		};
/* End PBXFrameworksBuildPhase section */

/* Begin PBXGroup section */
		F2F5C4E41CA011AA001FF7C8 = {
			isa = PBXGroup;
			children = (
				F2F5C4EF1CA011AA001FF7C8 /* SuperCool */,
				F2F5C4EE1CA011AA001FF7C8 /* Products */,
			);
			sourceTree = "<group>";
		};
		F2F5C4EE1CA011AA001FF7C8 /* Products */ = {
			isa = PBXGroup;
			children = (
				F2F5C4ED1CA011AA001FF7C8 /* SuperCool.app */,
			);
			name = Products;
			sourceTree = "<group>";
		};
		F2F5C4EF1CA011AA001FF7C8 /* SuperCool */ = {
			isa = PBXGroup;
			children = (
				F2F5C4F01CA011AA001FF7C8 /* AppDelegate.swift */,
				F2F5C4F21CA011AA001FF7C8 /* ViewController.swift */,
				F2F5C4F41CA011AA001FF7C8 /* Main.storyboard */,
				F2F5C4F71CA011AA001FF7C8 /* Assets.xcassets */,
				F2F5C4F91CA011AA001FF7C8 /* LaunchScreen.storyboard */,
				F2F5C4FC1CA011AA001FF7C8 /* Info.plist */,
			);
			path = SuperCool;
			sourceTree = "<group>";
		};
/* End PBXGroup section */

/* Begin PBXNativeTarget section */
		F2F5C4EC1CA011AA001FF7C8 /* SuperCool */ = {
			isa = PBXNativeTarget;
			buildConfigurationList = F2F5C4FF1CA011AA001FF7C8 /* Build configuration list for PBXNativeTarget "SuperCool" */;
			buildPhases = (
				F2F5C4E91CA011AA001FF7C8 /* Sources */,
				F2F5C4EA1CA011AA001FF7C8 /* Frameworks */,
				F2F5C4EB1CA011AA001FF7C8 /* Resources */,
			);
			buildRules = (
			);
			dependencies = (
			);
			name = SuperCool;
			productName = SuperCool;
			productReference = F2F5C4ED1CA011AA001FF7C8 /* SuperCool.app */;
			productType = "com.apple.product-type.application";
		};
/* End PBXNativeTarget section */

/* Begin PBXProject section */
		F2F5C4E51CA011AA001FF7C8 /* Project object */ = {
			isa = PBXProject;
			attributes = {
				LastSwiftUpdateCheck = 0720;
				LastUpgradeCheck = 0720;
				ORGANIZATIONNAME = "Árni Magnússon";
				TargetAttributes = {
					F2F5C4EC1CA011AA001FF7C8 = {
						CreatedOnToolsVersion = 7.2.1;
						DevelopmentTeam = C357593NN5;
					};
				};
			};
			buildConfigurationList = F2F5C4E81CA011AA001FF7C8 /* Build configuration list for PBXProject "SuperCool" */;
			compatibilityVersion = "Xcode 3.2";
			developmentRegion = English;
			hasScannedForEncodings = 0;
			knownRegions = (
				en,
				Base,
			);
			mainGroup = F2F5C4E41CA011AA001FF7C8;
			productRefGroup = F2F5C4EE1CA011AA001FF7C8 /* Products */;
			projectDirPath = "";
			projectRoot = "";
			targets = (
				F2F5C4EC1CA011AA001FF7C8 /* SuperCool */,
			);
		};
/* End PBXProject section */

/* Begin PBXResourcesBuildPhase section */
		F2F5C4EB1CA011AA001FF7C8 /* Resources */ = {
			isa = PBXResourcesBuildPhase;
			buildActionMask = 2147483647;
			files = (
				F2F5C4FB1CA011AA001FF7C8 /* LaunchScreen.storyboard in Resources */,
				F2F5C4F81CA011AA001FF7C8 /* Assets.xcassets in Resources */,
				F2F5C4F61CA011AA001FF7C8 /* Main.storyboard in Resources */,
			);
			runOnlyForDeploymentPostprocessing = 0;
		};
/* End PBXResourcesBuildPhase section */

/* Begin PBXSourcesBuildPhase section */
		F2F5C4E91CA011AA001FF7C8 /* Sources */ = {
			isa = PBXSourcesBuildPhase;
			buildActionMask = 2147483647;
			files = (
				F2F5C4F31CA011AA001FF7C8 /* ViewController.swift in Sources */,
				F2F5C4F11CA011AA001FF7C8 /* AppDelegate.swift in Sources */,
			);
			runOnlyForDeploymentPostprocessing = 0;
		};
/* End PBXSourcesBuildPhase section */

/* Begin PBXVariantGroup section */
		F2F5C4F41CA011AA001FF7C8 /* Main.storyboard */ = {
			isa = PBXVariantGroup;
			children = (
				F2F5C4F51CA011AA001FF7C8 /* Base */,
			);
			name = Main.storyboard;
			sourceTree = "<group>";
		};
		F2F5C4F91CA011AA001FF7C8 /* LaunchScreen.storyboard */ = {
			isa = PBXVariantGroup;
			children = (
				F2F5C4FA1CA011AA001FF7C8 /* Base */,
			);
			name = LaunchScreen.storyboard;
			sourceTree = "<group>";
		};
/* End PBXVariantGroup section */

/* Begin XCBuildConfiguration section */
		F2F5C4FD1CA011AA001FF7C8 /* Debug */ = {
			isa = XCBuildConfiguration;
			buildSettings = {
				ALWAYS_SEARCH_USER_PATHS = NO;
				CLANG_CXX_LANGUAGE_STANDARD = "gnu++0x";
				CLANG_CXX_LIBRARY = "libc++";
				CLANG_ENABLE_MODULES = YES;
				CLANG_ENABLE_OBJC_ARC = YES;
				CLANG_WARN_BOOL_CONVERSION = YES;
				CLANG_WARN_CONSTANT_CONVERSION = YES;
				CLANG_WARN_DIRECT_OBJC_ISA_USAGE = YES_ERROR;
				CLANG_WARN_EMPTY_BODY = YES;
				CLANG_WARN_ENUM_CONVERSION = YES;
				CLANG_WARN_INT_CONVERSION = YES;
				CLANG_WARN_OBJC_ROOT_CLASS = YES_ERROR;
				CLANG_WARN_UNREACHABLE_CODE = YES;
				CLANG_WARN__DUPLICATE_METHOD_MATCH = YES;
				"CODE_SIGN_IDENTITY[sdk=iphoneos*]" = "iPhone Developer";
				COPY_PHASE_STRIP = NO;
				DEBUG_INFORMATION_FORMAT = dwarf;
				ENABLE_STRICT_OBJC_MSGSEND = YES;
				ENABLE_TESTABILITY = YES;
				GCC_C_LANGUAGE_STANDARD = gnu99;
				GCC_DYNAMIC_NO_PIC = NO;
				GCC_NO_COMMON_BLOCKS = YES;
				GCC_OPTIMIZATION_LEVEL = 0;
				GCC_PREPROCESSOR_DEFINITIONS = (
					"DEBUG=1",
					"$(inherited)",
				);
				GCC_WARN_64_TO_32_BIT_CONVERSION = YES;
				GCC_WARN_ABOUT_RETURN_TYPE = YES_ERROR;
				GCC_WARN_UNDECLARED_SELECTOR = YES;
				GCC_WARN_UNINITIALIZED_AUTOS = YES_AGGRESSIVE;
				GCC_WARN_UNUSED_FUNCTION = YES;
				GCC_WARN_UNUSED_VARIABLE = YES;
				IPHONEOS_DEPLOYMENT_TARGET = 9.2;
				MTL_ENABLE_DEBUG_INFO = YES;
				ONLY_ACTIVE_ARCH = YES;
				SDKROOT = iphoneos;
				SWIFT_OPTIMIZATION_LEVEL = "-Onone";
			};
			name = Debug;
		};
		F2F5C4FE1CA011AA001FF7C8 /* Release */ = {
			isa = XCBuildConfiguration;
			buildSettings = {
				ALWAYS_SEARCH_USER_PATHS = NO;
				CLANG_CXX_LANGUAGE_STANDARD = "gnu++0x";
				CLANG_CXX_LIBRARY = "libc++";
				CLANG_ENABLE_MODULES = YES;
				CLANG_ENABLE_OBJC_ARC = YES;
				CLANG_WARN_BOOL_CONVERSION = YES;
				CLANG_WARN_CONSTANT_CONVERSION = YES;
				CLANG_WARN_DIRECT_OBJC_ISA_USAGE = YES_ERROR;
				CLANG_WARN_EMPTY_BODY = YES;
				CLANG_WARN_ENUM_CONVERSION = YES;
				CLANG_WARN_INT_CONVERSION = YES;
				CLANG_WARN_OBJC_ROOT_CLASS = YES_ERROR;
				CLANG_WARN_UNREACHABLE_CODE = YES;
				CLANG_WARN__DUPLICATE_METHOD_MATCH = YES;
				"CODE_SIGN_IDENTITY[sdk=iphoneos*]" = "iPhone Developer";
				COPY_PHASE_STRIP = NO;
				DEBUG_INFORMATION_FORMAT = "dwarf-with-dsym";
				ENABLE_NS_ASSERTIONS = NO;
				ENABLE_STRICT_OBJC_MSGSEND = YES;
				GCC_C_LANGUAGE_STANDARD = gnu99;
				GCC_NO_COMMON_BLOCKS = YES;
				GCC_WARN_64_TO_32_BIT_CONVERSION = YES;
				GCC_WARN_ABOUT_RETURN_TYPE = YES_ERROR;
				GCC_WARN_UNDECLARED_SELECTOR = YES;
				GCC_WARN_UNINITIALIZED_AUTOS = YES_AGGRESSIVE;
				GCC_WARN_UNUSED_FUNCTION = YES;
				GCC_WARN_UNUSED_VARIABLE = YES;
				IPHONEOS_DEPLOYMENT_TARGET = 9.2;
				MTL_ENABLE_DEBUG_INFO = NO;
				SDKROOT = iphoneos;
				VALIDATE_PRODUCT = YES;
			};
			name = Release;
		};
		F2F5C5001CA011AA001FF7C8 /* Debug */ = {
			isa = XCBuildConfiguration;
			buildSettings = {
				ASSETCATALOG_COMPILER_APPICON_NAME = AppIcon;
				INFOPLIST_FILE = SuperCool/Info.plist;
				LD_RUNPATH_SEARCH_PATHS = "$(inherited) @executable_path/Frameworks";
				PRODUCT_BUNDLE_IDENTIFIER = com.magnusson.SuperCool;
				PRODUCT_NAME = "$(TARGET_NAME)";
			};
			name = Debug;
		};
		F2F5C5011CA011AA001FF7C8 /* Release */ = {
			isa = XCBuildConfiguration;
			buildSettings = {
				ASSETCATALOG_COMPILER_APPICON_NAME = AppIcon;
				INFOPLIST_FILE = SuperCool/Info.plist;
				LD_RUNPATH_SEARCH_PATHS = "$(inherited) @executable_path/Frameworks";
				PRODUCT_BUNDLE_IDENTIFIER = com.magnusson.SuperCool;
				PRODUCT_NAME = "$(TARGET_NAME)";
			};
			name = Release;
		};
/* End XCBuildConfiguration section */

/* Begin XCConfigurationList section */
		F2F5C4E81CA011AA001FF7C8 /* Build configuration list for PBXProject "SuperCool" */ = {
			isa = XCConfigurationList;
			buildConfigurations = (
				F2F5C4FD1CA011AA001FF7C8 /* Debug */,
				F2F5C4FE1CA011AA001FF7C8 /* Release */,
			);
			defaultConfigurationIsVisible = 0;
			defaultConfigurationName = Release;
		};
		F2F5C4FF1CA011AA001FF7C8 /* Build configuration list for PBXNativeTarget "SuperCool" */ = {
			isa = XCConfigurationList;
			buildConfigurations = (
				F2F5C5001CA011AA001FF7C8 /* Debug */,
				F2F5C5011CA011AA001FF7C8 /* Release */,
			);
			defaultConfigurationIsVisible = 0;
		};
/* End XCConfigurationList section */
	};
	rootObject = F2F5C4E51CA011AA001FF7C8 /* Project object */;
}
